
Microsoft Visual Studio Solution File, Format Version 12.00
# Visual Studio 14
VisualStudioVersion = 14.0.25420.1
MinimumVisualStudioVersion = 10.0.40219.1
Project("{8BC9CEB8-8B4A-11D0-8D11-00A0C91BC942}") = "FileIO", "FileIO\FileIO.vcxproj", "{51681312-3511-4E72-AEEA-FF8112B42E9B}"
	ProjectSection(ProjectDependencies) = postProject
		{1C85D12E-0F8C-4656-B7A5-47CA3BED0F8D} = {1C85D12E-0F8C-4656-B7A5-47CA3BED0F8D}
		{74F35632-EBA3-4612-9A2E-D6F15BA2170C} = {74F35632-EBA3-4612-9A2E-D6F15BA2170C}
		{3849AA6A-7DAA-4DC7-A0FB-61236E561500} = {3849AA6A-7DAA-4DC7-A0FB-61236E561500}
	EndProjectSection
EndProject
Project("{8BC9CEB8-8B4A-11D0-8D11-00A0C91BC942}") = "FileIOTestApp", "FileIOTestApp\FileIOTestApp.vcxproj", "{3E0C74BC-C088-4457-962B-4508CA4CAFE3}"
	ProjectSection(ProjectDependencies) = postProject
		{51681312-3511-4E72-AEEA-FF8112B42E9B} = {51681312-3511-4E72-AEEA-FF8112B42E9B}
	EndProjectSection
EndProject
Project("{8BC9CEB8-8B4A-11D0-8D11-00A0C91BC942}") = "Threading", "Threading\Threading.vcxproj", "{1C85D12E-0F8C-4656-B7A5-47CA3BED0F8D}"
EndProject
Project("{8BC9CEB8-8B4A-11D0-8D11-00A0C91BC942}") = "MemoryPool", "MemoryPool\MemoryPool.vcxproj", "{BC975534-4419-4D44-824E-BECDC4328D56}"
	ProjectSection(ProjectDependencies) = postProject
		{9E9AA92E-55B6-4CA8-94BF-A0B54EFBD61B} = {9E9AA92E-55B6-4CA8-94BF-A0B54EFBD61B}
		{1C85D12E-0F8C-4656-B7A5-47CA3BED0F8D} = {1C85D12E-0F8C-4656-B7A5-47CA3BED0F8D}
		{74F35632-EBA3-4612-9A2E-D6F15BA2170C} = {74F35632-EBA3-4612-9A2E-D6F15BA2170C}
		{47279A7C-C538-4344-BA1C-EC1853760B1F} = {47279A7C-C538-4344-BA1C-EC1853760B1F}
	EndProjectSection
EndProject
Project("{8BC9CEB8-8B4A-11D0-8D11-00A0C91BC942}") = "MemoryPoolTest", "MemoryPoolTest\MemoryPoolTest.vcxproj", "{D5CF6C08-D606-4AAB-846A-3FA5985C3FA5}"
	ProjectSection(ProjectDependencies) = postProject
		{BC975534-4419-4D44-824E-BECDC4328D56} = {BC975534-4419-4D44-824E-BECDC4328D56}
	EndProjectSection
EndProject
Project("{8BC9CEB8-8B4A-11D0-8D11-00A0C91BC942}") = "Basics", "Basics\Basics.vcxproj", "{3849AA6A-7DAA-4DC7-A0FB-61236E561500}"
EndProject
Project("{8BC9CEB8-8B4A-11D0-8D11-00A0C91BC942}") = "MKLog", "MKLog\MKLog.vcxproj", "{74F35632-EBA3-4612-9A2E-D6F15BA2170C}"
EndProject
Project("{8BC9CEB8-8B4A-11D0-8D11-00A0C91BC942}") = "FilterGraph", "FilterGraph\FilterGraph.vcxproj", "{26707245-658F-4AA1-B08D-287F3ECD4067}"
	ProjectSection(ProjectDependencies) = postProject
		{9E9AA92E-55B6-4CA8-94BF-A0B54EFBD61B} = {9E9AA92E-55B6-4CA8-94BF-A0B54EFBD61B}
		{1C85D12E-0F8C-4656-B7A5-47CA3BED0F8D} = {1C85D12E-0F8C-4656-B7A5-47CA3BED0F8D}
		{74F35632-EBA3-4612-9A2E-D6F15BA2170C} = {74F35632-EBA3-4612-9A2E-D6F15BA2170C}
		{BC975534-4419-4D44-824E-BECDC4328D56} = {BC975534-4419-4D44-824E-BECDC4328D56}
		{3849AA6A-7DAA-4DC7-A0FB-61236E561500} = {3849AA6A-7DAA-4DC7-A0FB-61236E561500}
		{47279A7C-C538-4344-BA1C-EC1853760B1F} = {47279A7C-C538-4344-BA1C-EC1853760B1F}
	EndProjectSection
EndProject
Project("{8BC9CEB8-8B4A-11D0-8D11-00A0C91BC942}") = "FilterGraphTest", "FilterGraphTest\FilterGraphTest.vcxproj", "{7EF36FA0-2E9B-430F-8094-A8EE7A65C39E}"
	ProjectSection(ProjectDependencies) = postProject
		{26707245-658F-4AA1-B08D-287F3ECD4067} = {26707245-658F-4AA1-B08D-287F3ECD4067}
	EndProjectSection
EndProject
Project("{8BC9CEB8-8B4A-11D0-8D11-00A0C91BC942}") = "SER2MRC", "SER2MRC\SER2MRC.vcxproj", "{EAAD5B5B-A07D-4B6D-9971-E29382D4BEB6}"
	ProjectSection(ProjectDependencies) = postProject
		{51681312-3511-4E72-AEEA-FF8112B42E9B} = {51681312-3511-4E72-AEEA-FF8112B42E9B}
		{9BF76341-95EA-428D-A9A9-A1E21F3F7DC0} = {9BF76341-95EA-428D-A9A9-A1E21F3F7DC0}
	EndProjectSection
EndProject
Project("{8BC9CEB8-8B4A-11D0-8D11-00A0C91BC942}") = "libFileIO", "libFileIO\libFileIO.vcxproj", "{9BF76341-95EA-428D-A9A9-A1E21F3F7DC0}"
	ProjectSection(ProjectDependencies) = postProject
		{51681312-3511-4E72-AEEA-FF8112B42E9B} = {51681312-3511-4E72-AEEA-FF8112B42E9B}
	EndProjectSection
EndProject
Project("{8BC9CEB8-8B4A-11D0-8D11-00A0C91BC942}") = "CudaHelpers", "CudaHelpers\CudaHelpers.vcxproj", "{47279A7C-C538-4344-BA1C-EC1853760B1F}"
	ProjectSection(ProjectDependencies) = postProject
		{1C85D12E-0F8C-4656-B7A5-47CA3BED0F8D} = {1C85D12E-0F8C-4656-B7A5-47CA3BED0F8D}
		{74F35632-EBA3-4612-9A2E-D6F15BA2170C} = {74F35632-EBA3-4612-9A2E-D6F15BA2170C}
		{3849AA6A-7DAA-4DC7-A0FB-61236E561500} = {3849AA6A-7DAA-4DC7-A0FB-61236E561500}
	EndProjectSection
EndProject
Project("{8BC9CEB8-8B4A-11D0-8D11-00A0C91BC942}") = "CudaTest", "CudaTest\CudaTest.vcxproj", "{9985B801-0EAA-4F2E-8915-1077FAFED866}"
	ProjectSection(ProjectDependencies) = postProject
		{47279A7C-C538-4344-BA1C-EC1853760B1F} = {47279A7C-C538-4344-BA1C-EC1853760B1F}
	EndProjectSection
EndProject
Project("{8BC9CEB8-8B4A-11D0-8D11-00A0C91BC942}") = "OpenCLHelpers", "OpenCLHelpers\OpenCLHelpers.vcxproj", "{9E9AA92E-55B6-4CA8-94BF-A0B54EFBD61B}"
	ProjectSection(ProjectDependencies) = postProject
		{1C85D12E-0F8C-4656-B7A5-47CA3BED0F8D} = {1C85D12E-0F8C-4656-B7A5-47CA3BED0F8D}
		{74F35632-EBA3-4612-9A2E-D6F15BA2170C} = {74F35632-EBA3-4612-9A2E-D6F15BA2170C}
		{3849AA6A-7DAA-4DC7-A0FB-61236E561500} = {3849AA6A-7DAA-4DC7-A0FB-61236E561500}
	EndProjectSection
EndProject
Project("{8BC9CEB8-8B4A-11D0-8D11-00A0C91BC942}") = "OpenCLTest", "OpenCLTest\OpenCLTest.vcxproj", "{5E50314D-0F7F-4791-95C7-2200FFB0A7E6}"
	ProjectSection(ProjectDependencies) = postProject
		{9E9AA92E-55B6-4CA8-94BF-A0B54EFBD61B} = {9E9AA92E-55B6-4CA8-94BF-A0B54EFBD61B}
	EndProjectSection
EndProject
Project("{8BC9CEB8-8B4A-11D0-8D11-00A0C91BC942}") = "EmTools", "EmTools\EmTools.vcxproj", "{2F77914B-66DC-4005-8B29-D9053EE34B1C}"
	ProjectSection(ProjectDependencies) = postProject
		{51681312-3511-4E72-AEEA-FF8112B42E9B} = {51681312-3511-4E72-AEEA-FF8112B42E9B}
		{9E9AA92E-55B6-4CA8-94BF-A0B54EFBD61B} = {9E9AA92E-55B6-4CA8-94BF-A0B54EFBD61B}
		{1C85D12E-0F8C-4656-B7A5-47CA3BED0F8D} = {1C85D12E-0F8C-4656-B7A5-47CA3BED0F8D}
		{74F35632-EBA3-4612-9A2E-D6F15BA2170C} = {74F35632-EBA3-4612-9A2E-D6F15BA2170C}
		{BC975534-4419-4D44-824E-BECDC4328D56} = {BC975534-4419-4D44-824E-BECDC4328D56}
		{26707245-658F-4AA1-B08D-287F3ECD4067} = {26707245-658F-4AA1-B08D-287F3ECD4067}
		{3849AA6A-7DAA-4DC7-A0FB-61236E561500} = {3849AA6A-7DAA-4DC7-A0FB-61236E561500}
		{47279A7C-C538-4344-BA1C-EC1853760B1F} = {47279A7C-C538-4344-BA1C-EC1853760B1F}
	EndProjectSection
EndProject
Project("{8BC9CEB8-8B4A-11D0-8D11-00A0C91BC942}") = "Minimization", "Minimization\Minimization.vcxproj", "{FEBF8491-F42D-469F-A04D-B63DD8C12465}"
EndProject
Project("{8BC9CEB8-8B4A-11D0-8D11-00A0C91BC942}") = "CrossCorrelation", "CrossCorrelation\CrossCorrelation.vcxproj", "{7DD60917-430E-409D-A074-E820372DB6DF}"
EndProject
Project("{8BC9CEB8-8B4A-11D0-8D11-00A0C91BC942}") = "NLMFilter", "NLMFilter\NLMFilter.vcxproj", "{9E2F2C31-BEBF-40D1-815E-E631484A5416}"
EndProject
Project("{8BC9CEB8-8B4A-11D0-8D11-00A0C91BC942}") = "NLM_Kernel", "NLM_Kernel\NLM_Kernel.vcxproj", "{92E396D2-9A9E-4626-B1A0-E20B27A1D965}"
EndProject
Project("{8BC9CEB8-8B4A-11D0-8D11-00A0C91BC942}") = "ImageStackAlignator", "ImageStackAlignator\ImageStackAlignator.vcxproj", "{A68A5327-CAD2-47E4-84D4-B6E69B068F5C}"
	ProjectSection(ProjectDependencies) = postProject
		{51681312-3511-4E72-AEEA-FF8112B42E9B} = {51681312-3511-4E72-AEEA-FF8112B42E9B}
		{7DD60917-430E-409D-A074-E820372DB6DF} = {7DD60917-430E-409D-A074-E820372DB6DF}
		{74F35632-EBA3-4612-9A2E-D6F15BA2170C} = {74F35632-EBA3-4612-9A2E-D6F15BA2170C}
		{B5D3C669-397D-4AC3-9974-55F4D3508FF5} = {B5D3C669-397D-4AC3-9974-55F4D3508FF5}
		{3849AA6A-7DAA-4DC7-A0FB-61236E561500} = {3849AA6A-7DAA-4DC7-A0FB-61236E561500}
		{47279A7C-C538-4344-BA1C-EC1853760B1F} = {47279A7C-C538-4344-BA1C-EC1853760B1F}
		{FEBF8491-F42D-469F-A04D-B63DD8C12465} = {FEBF8491-F42D-469F-A04D-B63DD8C12465}
	EndProjectSection
EndProject
Project("{8BC9CEB8-8B4A-11D0-8D11-00A0C91BC942}") = "ImageStackAlignatorKernels", "ImageStackAlignatorKernels\ImageStackAlignatorKernels.vcxproj", "{B5D3C669-397D-4AC3-9974-55F4D3508FF5}"
EndProject
Project("{8BC9CEB8-8B4A-11D0-8D11-00A0C91BC942}") = "MarkerAlignator", "MarkerAlignator\MarkerAlignator.vcxproj", "{964B826B-9A30-43F6-BBEC-830AEF560548}"
EndProject
Global
	GlobalSection(SolutionConfigurationPlatforms) = preSolution
		Debug|Any CPU = Debug|Any CPU
		Debug|Win32 = Debug|Win32
		Debug|x64 = Debug|x64
		Release|Any CPU = Release|Any CPU
		Release|Win32 = Release|Win32
		Release|x64 = Release|x64
	EndGlobalSection
	GlobalSection(ProjectConfigurationPlatforms) = postSolution
		{51681312-3511-4E72-AEEA-FF8112B42E9B}.Debug|Any CPU.ActiveCfg = Debug|Win32
		{51681312-3511-4E72-AEEA-FF8112B42E9B}.Debug|Win32.ActiveCfg = Debug|Win32
		{51681312-3511-4E72-AEEA-FF8112B42E9B}.Debug|Win32.Build.0 = Debug|Win32
		{51681312-3511-4E72-AEEA-FF8112B42E9B}.Debug|x64.ActiveCfg = Debug|x64
		{51681312-3511-4E72-AEEA-FF8112B42E9B}.Debug|x64.Build.0 = Debug|x64
		{51681312-3511-4E72-AEEA-FF8112B42E9B}.Release|Any CPU.ActiveCfg = Release|Win32
		{51681312-3511-4E72-AEEA-FF8112B42E9B}.Release|Win32.ActiveCfg = Release|Win32
		{51681312-3511-4E72-AEEA-FF8112B42E9B}.Release|Win32.Build.0 = Release|Win32
		{51681312-3511-4E72-AEEA-FF8112B42E9B}.Release|x64.ActiveCfg = Release|x64
		{51681312-3511-4E72-AEEA-FF8112B42E9B}.Release|x64.Build.0 = Release|x64
		{3E0C74BC-C088-4457-962B-4508CA4CAFE3}.Debug|Any CPU.ActiveCfg = Debug|Win32
		{3E0C74BC-C088-4457-962B-4508CA4CAFE3}.Debug|Win32.ActiveCfg = Debug|Win32
		{3E0C74BC-C088-4457-962B-4508CA4CAFE3}.Debug|Win32.Build.0 = Debug|Win32
		{3E0C74BC-C088-4457-962B-4508CA4CAFE3}.Debug|x64.ActiveCfg = Debug|x64
		{3E0C74BC-C088-4457-962B-4508CA4CAFE3}.Debug|x64.Build.0 = Debug|x64
		{3E0C74BC-C088-4457-962B-4508CA4CAFE3}.Release|Any CPU.ActiveCfg = Release|Win32
		{3E0C74BC-C088-4457-962B-4508CA4CAFE3}.Release|Win32.ActiveCfg = Release|Win32
		{3E0C74BC-C088-4457-962B-4508CA4CAFE3}.Release|Win32.Build.0 = Release|Win32
		{3E0C74BC-C088-4457-962B-4508CA4CAFE3}.Release|x64.ActiveCfg = Release|x64
		{3E0C74BC-C088-4457-962B-4508CA4CAFE3}.Release|x64.Build.0 = Release|x64
		{1C85D12E-0F8C-4656-B7A5-47CA3BED0F8D}.Debug|Any CPU.ActiveCfg = Debug|Win32
		{1C85D12E-0F8C-4656-B7A5-47CA3BED0F8D}.Debug|Win32.ActiveCfg = Debug|Win32
		{1C85D12E-0F8C-4656-B7A5-47CA3BED0F8D}.Debug|Win32.Build.0 = Debug|Win32
		{1C85D12E-0F8C-4656-B7A5-47CA3BED0F8D}.Debug|x64.ActiveCfg = Debug|x64
		{1C85D12E-0F8C-4656-B7A5-47CA3BED0F8D}.Debug|x64.Build.0 = Debug|x64
		{1C85D12E-0F8C-4656-B7A5-47CA3BED0F8D}.Release|Any CPU.ActiveCfg = Release|Win32
		{1C85D12E-0F8C-4656-B7A5-47CA3BED0F8D}.Release|Win32.ActiveCfg = Release|Win32
		{1C85D12E-0F8C-4656-B7A5-47CA3BED0F8D}.Release|Win32.Build.0 = Release|Win32
		{1C85D12E-0F8C-4656-B7A5-47CA3BED0F8D}.Release|x64.ActiveCfg = Release|x64
		{1C85D12E-0F8C-4656-B7A5-47CA3BED0F8D}.Release|x64.Build.0 = Release|x64
		{BC975534-4419-4D44-824E-BECDC4328D56}.Debug|Any CPU.ActiveCfg = Debug|Win32
		{BC975534-4419-4D44-824E-BECDC4328D56}.Debug|Win32.ActiveCfg = Debug|Win32
		{BC975534-4419-4D44-824E-BECDC4328D56}.Debug|Win32.Build.0 = Debug|Win32
		{BC975534-4419-4D44-824E-BECDC4328D56}.Debug|x64.ActiveCfg = Debug|x64
		{BC975534-4419-4D44-824E-BECDC4328D56}.Debug|x64.Build.0 = Debug|x64
		{BC975534-4419-4D44-824E-BECDC4328D56}.Release|Any CPU.ActiveCfg = Release|Win32
		{BC975534-4419-4D44-824E-BECDC4328D56}.Release|Win32.ActiveCfg = Release|Win32
		{BC975534-4419-4D44-824E-BECDC4328D56}.Release|Win32.Build.0 = Release|Win32
		{BC975534-4419-4D44-824E-BECDC4328D56}.Release|x64.ActiveCfg = Release|x64
		{BC975534-4419-4D44-824E-BECDC4328D56}.Release|x64.Build.0 = Release|x64
		{D5CF6C08-D606-4AAB-846A-3FA5985C3FA5}.Debug|Any CPU.ActiveCfg = Debug|Win32
		{D5CF6C08-D606-4AAB-846A-3FA5985C3FA5}.Debug|Win32.ActiveCfg = Debug|Win32
		{D5CF6C08-D606-4AAB-846A-3FA5985C3FA5}.Debug|Win32.Build.0 = Debug|Win32
		{D5CF6C08-D606-4AAB-846A-3FA5985C3FA5}.Debug|x64.ActiveCfg = Debug|x64
		{D5CF6C08-D606-4AAB-846A-3FA5985C3FA5}.Debug|x64.Build.0 = Debug|x64
		{D5CF6C08-D606-4AAB-846A-3FA5985C3FA5}.Release|Any CPU.ActiveCfg = Release|Win32
		{D5CF6C08-D606-4AAB-846A-3FA5985C3FA5}.Release|Win32.ActiveCfg = Release|Win32
		{D5CF6C08-D606-4AAB-846A-3FA5985C3FA5}.Release|Win32.Build.0 = Release|Win32
		{D5CF6C08-D606-4AAB-846A-3FA5985C3FA5}.Release|x64.ActiveCfg = Release|x64
		{D5CF6C08-D606-4AAB-846A-3FA5985C3FA5}.Release|x64.Build.0 = Release|x64
		{3849AA6A-7DAA-4DC7-A0FB-61236E561500}.Debug|Any CPU.ActiveCfg = Debug|Win32
		{3849AA6A-7DAA-4DC7-A0FB-61236E561500}.Debug|Win32.ActiveCfg = Debug|Win32
		{3849AA6A-7DAA-4DC7-A0FB-61236E561500}.Debug|Win32.Build.0 = Debug|Win32
		{3849AA6A-7DAA-4DC7-A0FB-61236E561500}.Debug|x64.ActiveCfg = Debug|x64
		{3849AA6A-7DAA-4DC7-A0FB-61236E561500}.Debug|x64.Build.0 = Debug|x64
		{3849AA6A-7DAA-4DC7-A0FB-61236E561500}.Release|Any CPU.ActiveCfg = Release|Win32
		{3849AA6A-7DAA-4DC7-A0FB-61236E561500}.Release|Win32.ActiveCfg = Release|Win32
		{3849AA6A-7DAA-4DC7-A0FB-61236E561500}.Release|Win32.Build.0 = Release|Win32
		{3849AA6A-7DAA-4DC7-A0FB-61236E561500}.Release|x64.ActiveCfg = Release|x64
		{3849AA6A-7DAA-4DC7-A0FB-61236E561500}.Release|x64.Build.0 = Release|x64
		{74F35632-EBA3-4612-9A2E-D6F15BA2170C}.Debug|Any CPU.ActiveCfg = Debug|Win32
		{74F35632-EBA3-4612-9A2E-D6F15BA2170C}.Debug|Win32.ActiveCfg = Debug|Win32
		{74F35632-EBA3-4612-9A2E-D6F15BA2170C}.Debug|Win32.Build.0 = Debug|Win32
		{74F35632-EBA3-4612-9A2E-D6F15BA2170C}.Debug|x64.ActiveCfg = Debug|x64
		{74F35632-EBA3-4612-9A2E-D6F15BA2170C}.Debug|x64.Build.0 = Debug|x64
		{74F35632-EBA3-4612-9A2E-D6F15BA2170C}.Release|Any CPU.ActiveCfg = Release|Win32
		{74F35632-EBA3-4612-9A2E-D6F15BA2170C}.Release|Win32.ActiveCfg = Release|Win32
		{74F35632-EBA3-4612-9A2E-D6F15BA2170C}.Release|Win32.Build.0 = Release|Win32
		{74F35632-EBA3-4612-9A2E-D6F15BA2170C}.Release|x64.ActiveCfg = Release|x64
		{74F35632-EBA3-4612-9A2E-D6F15BA2170C}.Release|x64.Build.0 = Release|x64
		{26707245-658F-4AA1-B08D-287F3ECD4067}.Debug|Any CPU.ActiveCfg = Debug|Win32
		{26707245-658F-4AA1-B08D-287F3ECD4067}.Debug|Win32.ActiveCfg = Debug|Win32
		{26707245-658F-4AA1-B08D-287F3ECD4067}.Debug|Win32.Build.0 = Debug|Win32
		{26707245-658F-4AA1-B08D-287F3ECD4067}.Debug|x64.ActiveCfg = Debug|x64
		{26707245-658F-4AA1-B08D-287F3ECD4067}.Debug|x64.Build.0 = Debug|x64
		{26707245-658F-4AA1-B08D-287F3ECD4067}.Release|Any CPU.ActiveCfg = Release|Win32
		{26707245-658F-4AA1-B08D-287F3ECD4067}.Release|Win32.ActiveCfg = Release|Win32
		{26707245-658F-4AA1-B08D-287F3ECD4067}.Release|Win32.Build.0 = Release|Win32
		{26707245-658F-4AA1-B08D-287F3ECD4067}.Release|x64.ActiveCfg = Release|x64
		{26707245-658F-4AA1-B08D-287F3ECD4067}.Release|x64.Build.0 = Release|x64
		{7EF36FA0-2E9B-430F-8094-A8EE7A65C39E}.Debug|Any CPU.ActiveCfg = Debug|Win32
		{7EF36FA0-2E9B-430F-8094-A8EE7A65C39E}.Debug|Win32.ActiveCfg = Debug|Win32
		{7EF36FA0-2E9B-430F-8094-A8EE7A65C39E}.Debug|Win32.Build.0 = Debug|Win32
		{7EF36FA0-2E9B-430F-8094-A8EE7A65C39E}.Debug|x64.ActiveCfg = Debug|x64
		{7EF36FA0-2E9B-430F-8094-A8EE7A65C39E}.Debug|x64.Build.0 = Debug|x64
		{7EF36FA0-2E9B-430F-8094-A8EE7A65C39E}.Release|Any CPU.ActiveCfg = Release|Win32
		{7EF36FA0-2E9B-430F-8094-A8EE7A65C39E}.Release|Win32.ActiveCfg = Release|Win32
		{7EF36FA0-2E9B-430F-8094-A8EE7A65C39E}.Release|Win32.Build.0 = Release|Win32
		{7EF36FA0-2E9B-430F-8094-A8EE7A65C39E}.Release|x64.ActiveCfg = Release|x64
		{7EF36FA0-2E9B-430F-8094-A8EE7A65C39E}.Release|x64.Build.0 = Release|x64
		{EAAD5B5B-A07D-4B6D-9971-E29382D4BEB6}.Debug|Any CPU.ActiveCfg = Debug|Win32
		{EAAD5B5B-A07D-4B6D-9971-E29382D4BEB6}.Debug|Win32.ActiveCfg = Debug|Win32
		{EAAD5B5B-A07D-4B6D-9971-E29382D4BEB6}.Debug|Win32.Build.0 = Debug|Win32
		{EAAD5B5B-A07D-4B6D-9971-E29382D4BEB6}.Debug|x64.ActiveCfg = Debug|x64
		{EAAD5B5B-A07D-4B6D-9971-E29382D4BEB6}.Debug|x64.Build.0 = Debug|x64
		{EAAD5B5B-A07D-4B6D-9971-E29382D4BEB6}.Release|Any CPU.ActiveCfg = Release|Win32
		{EAAD5B5B-A07D-4B6D-9971-E29382D4BEB6}.Release|Win32.ActiveCfg = Release|Win32
		{EAAD5B5B-A07D-4B6D-9971-E29382D4BEB6}.Release|Win32.Build.0 = Release|Win32
		{EAAD5B5B-A07D-4B6D-9971-E29382D4BEB6}.Release|x64.ActiveCfg = Release|x64
		{EAAD5B5B-A07D-4B6D-9971-E29382D4BEB6}.Release|x64.Build.0 = Release|x64
		{9BF76341-95EA-428D-A9A9-A1E21F3F7DC0}.Debug|Any CPU.ActiveCfg = Debug|Win32
		{9BF76341-95EA-428D-A9A9-A1E21F3F7DC0}.Debug|Win32.ActiveCfg = Debug|Win32
		{9BF76341-95EA-428D-A9A9-A1E21F3F7DC0}.Debug|Win32.Build.0 = Debug|Win32
		{9BF76341-95EA-428D-A9A9-A1E21F3F7DC0}.Debug|x64.ActiveCfg = Debug|x64
		{9BF76341-95EA-428D-A9A9-A1E21F3F7DC0}.Debug|x64.Build.0 = Debug|x64
		{9BF76341-95EA-428D-A9A9-A1E21F3F7DC0}.Release|Any CPU.ActiveCfg = Release|Win32
		{9BF76341-95EA-428D-A9A9-A1E21F3F7DC0}.Release|Win32.ActiveCfg = Release|Win32
		{9BF76341-95EA-428D-A9A9-A1E21F3F7DC0}.Release|Win32.Build.0 = Release|Win32
		{9BF76341-95EA-428D-A9A9-A1E21F3F7DC0}.Release|x64.ActiveCfg = Release|x64
		{9BF76341-95EA-428D-A9A9-A1E21F3F7DC0}.Release|x64.Build.0 = Release|x64
		{47279A7C-C538-4344-BA1C-EC1853760B1F}.Debug|Any CPU.ActiveCfg = Debug|Win32
		{47279A7C-C538-4344-BA1C-EC1853760B1F}.Debug|Win32.ActiveCfg = Debug|Win32
		{47279A7C-C538-4344-BA1C-EC1853760B1F}.Debug|Win32.Build.0 = Debug|Win32
		{47279A7C-C538-4344-BA1C-EC1853760B1F}.Debug|x64.ActiveCfg = Debug|x64
		{47279A7C-C538-4344-BA1C-EC1853760B1F}.Debug|x64.Build.0 = Debug|x64
		{47279A7C-C538-4344-BA1C-EC1853760B1F}.Release|Any CPU.ActiveCfg = Release|Win32
		{47279A7C-C538-4344-BA1C-EC1853760B1F}.Release|Win32.ActiveCfg = Release|Win32
		{47279A7C-C538-4344-BA1C-EC1853760B1F}.Release|Win32.Build.0 = Release|Win32
		{47279A7C-C538-4344-BA1C-EC1853760B1F}.Release|x64.ActiveCfg = Release|x64
		{47279A7C-C538-4344-BA1C-EC1853760B1F}.Release|x64.Build.0 = Release|x64
		{9985B801-0EAA-4F2E-8915-1077FAFED866}.Debug|Any CPU.ActiveCfg = Debug|Win32
		{9985B801-0EAA-4F2E-8915-1077FAFED866}.Debug|Win32.ActiveCfg = Debug|Win32
		{9985B801-0EAA-4F2E-8915-1077FAFED866}.Debug|Win32.Build.0 = Debug|Win32
		{9985B801-0EAA-4F2E-8915-1077FAFED866}.Debug|x64.ActiveCfg = Debug|x64
		{9985B801-0EAA-4F2E-8915-1077FAFED866}.Debug|x64.Build.0 = Debug|x64
		{9985B801-0EAA-4F2E-8915-1077FAFED866}.Release|Any CPU.ActiveCfg = Release|Win32
		{9985B801-0EAA-4F2E-8915-1077FAFED866}.Release|Win32.ActiveCfg = Release|Win32
		{9985B801-0EAA-4F2E-8915-1077FAFED866}.Release|Win32.Build.0 = Release|Win32
		{9985B801-0EAA-4F2E-8915-1077FAFED866}.Release|x64.ActiveCfg = Release|x64
		{9985B801-0EAA-4F2E-8915-1077FAFED866}.Release|x64.Build.0 = Release|x64
		{9E9AA92E-55B6-4CA8-94BF-A0B54EFBD61B}.Debug|Any CPU.ActiveCfg = Debug|Win32
		{9E9AA92E-55B6-4CA8-94BF-A0B54EFBD61B}.Debug|Win32.ActiveCfg = Debug|Win32
		{9E9AA92E-55B6-4CA8-94BF-A0B54EFBD61B}.Debug|Win32.Build.0 = Debug|Win32
		{9E9AA92E-55B6-4CA8-94BF-A0B54EFBD61B}.Debug|x64.ActiveCfg = Debug|x64
		{9E9AA92E-55B6-4CA8-94BF-A0B54EFBD61B}.Debug|x64.Build.0 = Debug|x64
		{9E9AA92E-55B6-4CA8-94BF-A0B54EFBD61B}.Release|Any CPU.ActiveCfg = Release|Win32
		{9E9AA92E-55B6-4CA8-94BF-A0B54EFBD61B}.Release|Win32.ActiveCfg = Release|Win32
		{9E9AA92E-55B6-4CA8-94BF-A0B54EFBD61B}.Release|Win32.Build.0 = Release|Win32
		{9E9AA92E-55B6-4CA8-94BF-A0B54EFBD61B}.Release|x64.ActiveCfg = Release|x64
		{9E9AA92E-55B6-4CA8-94BF-A0B54EFBD61B}.Release|x64.Build.0 = Release|x64
		{5E50314D-0F7F-4791-95C7-2200FFB0A7E6}.Debug|Any CPU.ActiveCfg = Debug|Win32
		{5E50314D-0F7F-4791-95C7-2200FFB0A7E6}.Debug|Win32.ActiveCfg = Debug|Win32
		{5E50314D-0F7F-4791-95C7-2200FFB0A7E6}.Debug|Win32.Build.0 = Debug|Win32
		{5E50314D-0F7F-4791-95C7-2200FFB0A7E6}.Debug|x64.ActiveCfg = Debug|x64
		{5E50314D-0F7F-4791-95C7-2200FFB0A7E6}.Debug|x64.Build.0 = Debug|x64
		{5E50314D-0F7F-4791-95C7-2200FFB0A7E6}.Release|Any CPU.ActiveCfg = Release|Win32
		{5E50314D-0F7F-4791-95C7-2200FFB0A7E6}.Release|Win32.ActiveCfg = Release|Win32
		{5E50314D-0F7F-4791-95C7-2200FFB0A7E6}.Release|Win32.Build.0 = Release|Win32
		{5E50314D-0F7F-4791-95C7-2200FFB0A7E6}.Release|x64.ActiveCfg = Release|x64
		{5E50314D-0F7F-4791-95C7-2200FFB0A7E6}.Release|x64.Build.0 = Release|x64
		{2F77914B-66DC-4005-8B29-D9053EE34B1C}.Debug|Any CPU.ActiveCfg = Debug|Win32
		{2F77914B-66DC-4005-8B29-D9053EE34B1C}.Debug|Win32.ActiveCfg = Debug|Win32
		{2F77914B-66DC-4005-8B29-D9053EE34B1C}.Debug|Win32.Build.0 = Debug|Win32
		{2F77914B-66DC-4005-8B29-D9053EE34B1C}.Debug|x64.ActiveCfg = Debug|x64
		{2F77914B-66DC-4005-8B29-D9053EE34B1C}.Debug|x64.Build.0 = Debug|x64
		{2F77914B-66DC-4005-8B29-D9053EE34B1C}.Release|Any CPU.ActiveCfg = Release|Win32
		{2F77914B-66DC-4005-8B29-D9053EE34B1C}.Release|Win32.ActiveCfg = Release|Win32
		{2F77914B-66DC-4005-8B29-D9053EE34B1C}.Release|Win32.Build.0 = Release|Win32
		{2F77914B-66DC-4005-8B29-D9053EE34B1C}.Release|x64.ActiveCfg = Release|x64
		{2F77914B-66DC-4005-8B29-D9053EE34B1C}.Release|x64.Build.0 = Release|x64
		{FEBF8491-F42D-469F-A04D-B63DD8C12465}.Debug|Any CPU.ActiveCfg = Debug|Win32
		{FEBF8491-F42D-469F-A04D-B63DD8C12465}.Debug|Win32.ActiveCfg = Debug|Win32
		{FEBF8491-F42D-469F-A04D-B63DD8C12465}.Debug|Win32.Build.0 = Debug|Win32
		{FEBF8491-F42D-469F-A04D-B63DD8C12465}.Debug|x64.ActiveCfg = Debug|x64
		{FEBF8491-F42D-469F-A04D-B63DD8C12465}.Debug|x64.Build.0 = Debug|x64
		{FEBF8491-F42D-469F-A04D-B63DD8C12465}.Release|Any CPU.ActiveCfg = Release|Win32
		{FEBF8491-F42D-469F-A04D-B63DD8C12465}.Release|Win32.ActiveCfg = Release|Win32
		{FEBF8491-F42D-469F-A04D-B63DD8C12465}.Release|Win32.Build.0 = Release|Win32
		{FEBF8491-F42D-469F-A04D-B63DD8C12465}.Release|x64.ActiveCfg = Release|x64
		{FEBF8491-F42D-469F-A04D-B63DD8C12465}.Release|x64.Build.0 = Release|x64
		{7DD60917-430E-409D-A074-E820372DB6DF}.Debug|Any CPU.ActiveCfg = Debug|Win32
		{7DD60917-430E-409D-A074-E820372DB6DF}.Debug|Win32.ActiveCfg = Debug|Win32
		{7DD60917-430E-409D-A074-E820372DB6DF}.Debug|Win32.Build.0 = Debug|Win32
		{7DD60917-430E-409D-A074-E820372DB6DF}.Debug|x64.ActiveCfg = Debug|x64
		{7DD60917-430E-409D-A074-E820372DB6DF}.Debug|x64.Build.0 = Debug|x64
		{7DD60917-430E-409D-A074-E820372DB6DF}.Release|Any CPU.ActiveCfg = Release|Win32
		{7DD60917-430E-409D-A074-E820372DB6DF}.Release|Win32.ActiveCfg = Release|Win32
		{7DD60917-430E-409D-A074-E820372DB6DF}.Release|Win32.Build.0 = Release|Win32
		{7DD60917-430E-409D-A074-E820372DB6DF}.Release|x64.ActiveCfg = Release|x64
		{7DD60917-430E-409D-A074-E820372DB6DF}.Release|x64.Build.0 = Release|x64
		{9E2F2C31-BEBF-40D1-815E-E631484A5416}.Debug|Any CPU.ActiveCfg = Debug|Win32
		{9E2F2C31-BEBF-40D1-815E-E631484A5416}.Debug|Win32.ActiveCfg = Debug|Win32
		{9E2F2C31-BEBF-40D1-815E-E631484A5416}.Debug|Win32.Build.0 = Debug|Win32
		{9E2F2C31-BEBF-40D1-815E-E631484A5416}.Debug|x64.ActiveCfg = Debug|x64
		{9E2F2C31-BEBF-40D1-815E-E631484A5416}.Debug|x64.Build.0 = Debug|x64
		{9E2F2C31-BEBF-40D1-815E-E631484A5416}.Release|Any CPU.ActiveCfg = Release|Win32
		{9E2F2C31-BEBF-40D1-815E-E631484A5416}.Release|Win32.ActiveCfg = Release|Win32
		{9E2F2C31-BEBF-40D1-815E-E631484A5416}.Release|Win32.Build.0 = Release|Win32
		{9E2F2C31-BEBF-40D1-815E-E631484A5416}.Release|x64.ActiveCfg = Release|x64
		{9E2F2C31-BEBF-40D1-815E-E631484A5416}.Release|x64.Build.0 = Release|x64
		{92E396D2-9A9E-4626-B1A0-E20B27A1D965}.Debug|Any CPU.ActiveCfg = Debug|Win32
		{92E396D2-9A9E-4626-B1A0-E20B27A1D965}.Debug|Win32.ActiveCfg = Debug|Win32
		{92E396D2-9A9E-4626-B1A0-E20B27A1D965}.Debug|Win32.Build.0 = Debug|Win32
		{92E396D2-9A9E-4626-B1A0-E20B27A1D965}.Debug|x64.ActiveCfg = Debug|x64
		{92E396D2-9A9E-4626-B1A0-E20B27A1D965}.Debug|x64.Build.0 = Debug|x64
		{92E396D2-9A9E-4626-B1A0-E20B27A1D965}.Release|Any CPU.ActiveCfg = Release|Win32
		{92E396D2-9A9E-4626-B1A0-E20B27A1D965}.Release|Win32.ActiveCfg = Release|Win32
		{92E396D2-9A9E-4626-B1A0-E20B27A1D965}.Release|Win32.Build.0 = Release|Win32
		{92E396D2-9A9E-4626-B1A0-E20B27A1D965}.Release|x64.ActiveCfg = Release|x64
		{92E396D2-9A9E-4626-B1A0-E20B27A1D965}.Release|x64.Build.0 = Release|x64
		{A68A5327-CAD2-47E4-84D4-B6E69B068F5C}.Debug|Any CPU.ActiveCfg = Debug|Win32
		{A68A5327-CAD2-47E4-84D4-B6E69B068F5C}.Debug|Win32.ActiveCfg = Debug|Win32
		{A68A5327-CAD2-47E4-84D4-B6E69B068F5C}.Debug|Win32.Build.0 = Debug|Win32
		{A68A5327-CAD2-47E4-84D4-B6E69B068F5C}.Debug|x64.ActiveCfg = Debug|x64
		{A68A5327-CAD2-47E4-84D4-B6E69B068F5C}.Debug|x64.Build.0 = Debug|x64
		{A68A5327-CAD2-47E4-84D4-B6E69B068F5C}.Release|Any CPU.ActiveCfg = Release|Win32
		{A68A5327-CAD2-47E4-84D4-B6E69B068F5C}.Release|Win32.ActiveCfg = Release|Win32
		{A68A5327-CAD2-47E4-84D4-B6E69B068F5C}.Release|Win32.Build.0 = Release|Win32
		{A68A5327-CAD2-47E4-84D4-B6E69B068F5C}.Release|x64.ActiveCfg = Release|x64
		{A68A5327-CAD2-47E4-84D4-B6E69B068F5C}.Release|x64.Build.0 = Release|x64
		{B5D3C669-397D-4AC3-9974-55F4D3508FF5}.Debug|Any CPU.ActiveCfg = Debug|Win32
		{B5D3C669-397D-4AC3-9974-55F4D3508FF5}.Debug|Win32.ActiveCfg = Debug|Win32
		{B5D3C669-397D-4AC3-9974-55F4D3508FF5}.Debug|Win32.Build.0 = Debug|Win32
		{B5D3C669-397D-4AC3-9974-55F4D3508FF5}.Debug|x64.ActiveCfg = Debug|x64
		{B5D3C669-397D-4AC3-9974-55F4D3508FF5}.Debug|x64.Build.0 = Debug|x64
		{B5D3C669-397D-4AC3-9974-55F4D3508FF5}.Release|Any CPU.ActiveCfg = Release|Win32
		{B5D3C669-397D-4AC3-9974-55F4D3508FF5}.Release|Win32.ActiveCfg = Release|Win32
		{B5D3C669-397D-4AC3-9974-55F4D3508FF5}.Release|Win32.Build.0 = Release|Win32
		{B5D3C669-397D-4AC3-9974-55F4D3508FF5}.Release|x64.ActiveCfg = Release|x64
		{B5D3C669-397D-4AC3-9974-55F4D3508FF5}.Release|x64.Build.0 = Release|x64
		{964B826B-9A30-43F6-BBEC-830AEF560548}.Debug|Any CPU.ActiveCfg = Debug|Win32
		{964B826B-9A30-43F6-BBEC-830AEF560548}.Debug|Win32.ActiveCfg = Debug|Win32
		{964B826B-9A30-43F6-BBEC-830AEF560548}.Debug|Win32.Build.0 = Debug|Win32
		{964B826B-9A30-43F6-BBEC-830AEF560548}.Debug|x64.ActiveCfg = Debug|x64
		{964B826B-9A30-43F6-BBEC-830AEF560548}.Debug|x64.Build.0 = Debug|x64
		{964B826B-9A30-43F6-BBEC-830AEF560548}.Release|Any CPU.ActiveCfg = Release|Win32
		{964B826B-9A30-43F6-BBEC-830AEF560548}.Release|Win32.ActiveCfg = Release|Win32
		{964B826B-9A30-43F6-BBEC-830AEF560548}.Release|Win32.Build.0 = Release|Win32
		{964B826B-9A30-43F6-BBEC-830AEF560548}.Release|x64.ActiveCfg = Release|x64
		{964B826B-9A30-43F6-BBEC-830AEF560548}.Release|x64.Build.0 = Release|x64
	EndGlobalSection
	GlobalSection(SolutionProperties) = preSolution
		HideSolutionNode = FALSE
	EndGlobalSection
EndGlobal
